
Microsoft Visual Studio Solution File, Format Version 12.00
# Visual Studio 2013
VisualStudioVersion = 12.0.21005.1
MinimumVisualStudioVersion = 10.0.40219.1
Project("{FAE04EC0-301F-11D3-BF4B-00C04F79EFBC}") = "rbn", "rbn\rbn.csproj", "{60566B01-1E85-4171-A450-2331801B79AF}"
EndProject
Project("{FAE04EC0-301F-11D3-BF4B-00C04F79EFBC}") = "rbn.Tests", "rbn.Tests\rbn.Tests.csproj", "{170B21AE-67E5-4553-86E1-AAE0A1EF4C6D}"
EndProject
Project("{00D1A9C2-B5F0-4AF3-8072-F6C62B433612}") = "RbnDb", "RbnDb\RbnDb.sqlproj", "{4C9D5D16-98E5-47E9-9B8F-68E0039BC2C3}"
EndProject
Project("{FAE04EC0-301F-11D3-BF4B-00C04F79EFBC}") = "rbnDLL", "rbnDLL\rbnDLL.csproj", "{313BD267-F4A0-4A3A-812D-C96B910E9CA7}"
EndProject
Project("{FAE04EC0-301F-11D3-BF4B-00C04F79EFBC}") = "rbnBLL", "rbnBLL\rbnBLL.csproj", "{5B5F6886-4573-4E25-8C5D-E95BCFF5603A}"
EndProject
Project("{FAE04EC0-301F-11D3-BF4B-00C04F79EFBC}") = "Extensions", "Extensions\Extensions.csproj", "{80B8EB31-A73E-47D7-9439-C0076CE5C7BC}"
EndProject
Project("{FAE04EC0-301F-11D3-BF4B-00C04F79EFBC}") = "TestExtensions", "TestExtensions\TestExtensions.csproj", "{6367B152-A017-46E1-89EC-2D16FF049A60}"
EndProject
Project("{FAE04EC0-301F-11D3-BF4B-00C04F79EFBC}") = "LibraryDAO", "LibraryDAO\LibraryDAO.csproj", "{C334F353-FF54-4A39-AB42-0A15C07795FF}"
EndProject
Global
	GlobalSection(SolutionConfigurationPlatforms) = preSolution
		Debug|Any CPU = Debug|Any CPU
		Release|Any CPU = Release|Any CPU
	EndGlobalSection
	GlobalSection(ProjectConfigurationPlatforms) = postSolution
		{60566B01-1E85-4171-A450-2331801B79AF}.Debug|Any CPU.ActiveCfg = Debug|Any CPU
		{60566B01-1E85-4171-A450-2331801B79AF}.Debug|Any CPU.Build.0 = Debug|Any CPU
		{60566B01-1E85-4171-A450-2331801B79AF}.Release|Any CPU.ActiveCfg = Release|Any CPU
		{60566B01-1E85-4171-A450-2331801B79AF}.Release|Any CPU.Build.0 = Release|Any CPU
		{170B21AE-67E5-4553-86E1-AAE0A1EF4C6D}.Debug|Any CPU.ActiveCfg = Debug|Any CPU
		{170B21AE-67E5-4553-86E1-AAE0A1EF4C6D}.Debug|Any CPU.Build.0 = Debug|Any CPU
		{170B21AE-67E5-4553-86E1-AAE0A1EF4C6D}.Release|Any CPU.ActiveCfg = Release|Any CPU
		{170B21AE-67E5-4553-86E1-AAE0A1EF4C6D}.Release|Any CPU.Build.0 = Release|Any CPU
		{4C9D5D16-98E5-47E9-9B8F-68E0039BC2C3}.Debug|Any CPU.ActiveCfg = Debug|Any CPU
		{4C9D5D16-98E5-47E9-9B8F-68E0039BC2C3}.Debug|Any CPU.Build.0 = Debug|Any CPU
		{4C9D5D16-98E5-47E9-9B8F-68E0039BC2C3}.Debug|Any CPU.Deploy.0 = Debug|Any CPU
		{4C9D5D16-98E5-47E9-9B8F-68E0039BC2C3}.Release|Any CPU.ActiveCfg = Release|Any CPU
		{4C9D5D16-98E5-47E9-9B8F-68E0039BC2C3}.Release|Any CPU.Build.0 = Release|Any CPU
		{4C9D5D16-98E5-47E9-9B8F-68E0039BC2C3}.Release|Any CPU.Deploy.0 = Release|Any CPU
		{313BD267-F4A0-4A3A-812D-C96B910E9CA7}.Debug|Any CPU.ActiveCfg = Debug|Any CPU
		{313BD267-F4A0-4A3A-812D-C96B910E9CA7}.Debug|Any CPU.Build.0 = Debug|Any CPU
		{313BD267-F4A0-4A3A-812D-C96B910E9CA7}.Release|Any CPU.ActiveCfg = Release|Any CPU
		{313BD267-F4A0-4A3A-812D-C96B910E9CA7}.Release|Any CPU.Build.0 = Release|Any CPU
		{5B5F6886-4573-4E25-8C5D-E95BCFF5603A}.Debug|Any CPU.ActiveCfg = Debug|Any CPU
		{5B5F6886-4573-4E25-8C5D-E95BCFF5603A}.Debug|Any CPU.Build.0 = Debug|Any CPU
		{5B5F6886-4573-4E25-8C5D-E95BCFF5603A}.Release|Any CPU.ActiveCfg = Release|Any CPU
		{5B5F6886-4573-4E25-8C5D-E95BCFF5603A}.Release|Any CPU.Build.0 = Release|Any CPU
		{80B8EB31-A73E-47D7-9439-C0076CE5C7BC}.Debug|Any CPU.ActiveCfg = Debug|Any CPU
		{80B8EB31-A73E-47D7-9439-C0076CE5C7BC}.Debug|Any CPU.Build.0 = Debug|Any CPU
		{80B8EB31-A73E-47D7-9439-C0076CE5C7BC}.Release|Any CPU.ActiveCfg = Release|Any CPU
		{80B8EB31-A73E-47D7-9439-C0076CE5C7BC}.Release|Any CPU.Build.0 = Release|Any CPU
		{6367B152-A017-46E1-89EC-2D16FF049A60}.Debug|Any CPU.ActiveCfg = Debug|Any CPU
		{6367B152-A017-46E1-89EC-2D16FF049A60}.Debug|Any CPU.Build.0 = Debug|Any CPU
		{6367B152-A017-46E1-89EC-2D16FF049A60}.Release|Any CPU.ActiveCfg = Release|Any CPU
		{6367B152-A017-46E1-89EC-2D16FF049A60}.Release|Any CPU.Build.0 = Release|Any CPU
		{C334F353-FF54-4A39-AB42-0A15C07795FF}.Debug|Any CPU.ActiveCfg = Debug|Any CPU
		{C334F353-FF54-4A39-AB42-0A15C07795FF}.Debug|Any CPU.Build.0 = Debug|Any CPU
		{C334F353-FF54-4A39-AB42-0A15C07795FF}.Release|Any CPU.ActiveCfg = Release|Any CPU
		{C334F353-FF54-4A39-AB42-0A15C07795FF}.Release|Any CPU.Build.0 = Release|Any CPU
	EndGlobalSection
	GlobalSection(SolutionProperties) = preSolution
		HideSolutionNode = FALSE
	EndGlobalSection
EndGlobal
